PODS:
  - Bolts (1.7.0):
    - Bolts/AppLinks (= 1.7.0)
    - Bolts/Tasks (= 1.7.0)
  - Bolts/AppLinks (1.7.0):
    - Bolts/Tasks
  - Bolts/Tasks (1.7.0)
  - Fabric (1.6.7)
  - FBSDKCoreKit (4.11.0):
    - Bolts (~> 1.7)
  - FBSDKLoginKit (4.11.0):
    - FBSDKCoreKit
  - FBSDKShareKit (4.11.0):
    - FBSDKCoreKit
  - Haneke (1.0.2)
  - Masonry (0.6.4)
  - ReactiveCocoa (2.5):
    - ReactiveCocoa/UI (= 2.5)
  - ReactiveCocoa/Core (2.5):
    - ReactiveCocoa/no-arc
  - ReactiveCocoa/no-arc (2.5)
  - ReactiveCocoa/UI (2.5):
    - ReactiveCocoa/Core
  - TwitterCore (2.0.2):
    - Fabric
  - TwitterKit (2.0.2):
    - TwitterCore (= 2.0.2)
  - VK-ios-sdk (1.3.16)

DEPENDENCIES:
  - Fabric (~> 1.6.7)
  - FBSDKCoreKit
  - FBSDKLoginKit
  - FBSDKShareKit
  - Haneke (~> 1.0)
  - Masonry (~> 0.6.4)
  - ReactiveCocoa (~> 2.5)
  - TwitterKit (~> 2.0.2)
  - VK-ios-sdk

SPEC CHECKSUMS:
  Bolts: a0058fa3b331c5a1e4402d534f2dae36dbff31e4
  Fabric: caf7580c725e64db144f610ac65cd60956911dc7
  FBSDKCoreKit: 686ac982723a14ec9ddb85e2f81235d7706c891b
  FBSDKLoginKit: bade9fc78277764149ccc5bfaadbf13c83175c6a
  FBSDKShareKit: 2d1746144cfc8a9dbbd24997c34ee0471be51b6a
  Haneke: 01454a67322faa0dd9d81fc0f447885044e71521
  Masonry: 281802d04d787ea2973179ee8bcb50500579ede2
  ReactiveCocoa: e2db045570aa97c695e7aa97c2bcab222ae51f4a
  TwitterCore: 0f44d8980a6879d5205dcb4e010d15e643e56fa0
  TwitterKit: c4e40f289a3d7cc9fab9f241edd7502385468b65
  VK-ios-sdk: 7804776d9947cf9b6f54a259fac589b9212156f1

PODFILE CHECKSUM: d7372537f5f7e0326b3ef8a183a529f1e442f93e

COCOAPODS: 1.0.0.beta.5
